
Microsoft Visual Studio Solution File, Format Version 12.00
# Visual Studio Version 17
VisualStudioVersion = 17.12.35410.144
MinimumVisualStudioVersion = 10.0.40219.1
Project("{2150E333-8FDC-42A3-9474-1A3956D46DE8}") = "Test", "Test", "{29238611-14FD-492A-B759-2B0EA4C69FDB}"
EndProject
Project("{2150E333-8FDC-42A3-9474-1A3956D46DE8}") = "Src", "Src", "{33C3A3C6-08A9-40F7-82BF-0B8DC36C527F}"
EndProject
Project("{2150E333-8FDC-42A3-9474-1A3956D46DE8}") = "Core", "Core", "{38DD0C29-3EF5-4014-8311-F95FEDD53A5E}"
EndProject
Project("{FAE04EC0-301F-11D3-BF4B-00C04F79EFBC}") = "QBimeh.Domain", "QBimeh.Domain\QBimeh.Domain.csproj", "{BAB365C7-EF2D-4FCA-B7CE-0E3063F50B3B}"
EndProject
Project("{FAE04EC0-301F-11D3-BF4B-00C04F79EFBC}") = "QBimeh.Application", "QBimeh.Application\QBimeh.Application.csproj", "{BAAF512E-5BB1-4F9A-9EDB-E89AC202AF26}"
EndProject
Project("{FAE04EC0-301F-11D3-BF4B-00C04F79EFBC}") = "QBimeh.Common", "QBimeh.Common\QBimeh.Common.csproj", "{705F1EE0-27FD-4956-A3C3-BB16D18094C5}"
EndProject
Project("{2150E333-8FDC-42A3-9474-1A3956D46DE8}") = "Infrastructure", "Infrastructure", "{A917753F-48F9-42C6-8C3E-0C111D48AEB2}"
EndProject
Project("{FAE04EC0-301F-11D3-BF4B-00C04F79EFBC}") = "QBimeh.Dapper", "QBimeh.Dapper\QBimeh.Dapper.csproj", "{94EFDC19-11F7-4F51-A39F-E83366CF09D6}"
EndProject
Project("{FAE04EC0-301F-11D3-BF4B-00C04F79EFBC}") = "QBimeh.Service", "QBimeh.Service\QBimeh.Service.csproj", "{F677229A-D397-468B-8C97-0812AB576952}"
EndProject
Project("{FAE04EC0-301F-11D3-BF4B-00C04F79EFBC}") = "QBimeh.Repository", "QBimeh.Repository\QBimeh.Repository.csproj", "{39880B15-E4AB-4E12-9A9A-4CA9B863009F}"
EndProject
Project("{FAE04EC0-301F-11D3-BF4B-00C04F79EFBC}") = "QBimeh.Ioc", "QBimeh.Ioc\QBimeh.Ioc.csproj", "{DAFA4932-47CE-4DD6-9CB1-1AEDB094E6CC}"
EndProject
Project("{FAE04EC0-301F-11D3-BF4B-00C04F79EFBC}") = "QBimeh.EntityFramework", "QBimeh.EntityFramework\QBimeh.EntityFramework.csproj", "{52A8EC6F-2395-4E4A-96F7-0200607B8C59}"
EndProject
Project("{2150E333-8FDC-42A3-9474-1A3956D46DE8}") = "EndPoint", "EndPoint", "{0DA6E348-7F8E-4536-8FD2-31A958A10EEC}"
EndProject
Project("{FAE04EC0-301F-11D3-BF4B-00C04F79EFBC}") = "QBimeh.AdminApi", "QBimeh.AdminApi\QBimeh.AdminApi.csproj", "{5F4DCCF1-A3DA-4F5D-AD47-77A42DAB187C}"
EndProject
Project("{FAE04EC0-301F-11D3-BF4B-00C04F79EFBC}") = "QBimeh.CustomerApi", "QBimeh.CustomerApi\QBimeh.CustomerApi.csproj", "{DA7FED31-585E-4009-91F9-6D68E8FDD8D0}"
EndProject
Project("{FAE04EC0-301F-11D3-BF4B-00C04F79EFBC}") = "QBimeh.MVC", "QBimeh.MVC\QBimeh.MVC.csproj", "{C0375180-6DDC-404E-8BBF-3D8CF88D8468}"
EndProject
Global
	GlobalSection(SolutionConfigurationPlatforms) = preSolution
		Debug|Any CPU = Debug|Any CPU
		Release|Any CPU = Release|Any CPU
	EndGlobalSection
	GlobalSection(ProjectConfigurationPlatforms) = postSolution
		{BAB365C7-EF2D-4FCA-B7CE-0E3063F50B3B}.Debug|Any CPU.ActiveCfg = Debug|Any CPU
		{BAB365C7-EF2D-4FCA-B7CE-0E3063F50B3B}.Debug|Any CPU.Build.0 = Debug|Any CPU
		{BAB365C7-EF2D-4FCA-B7CE-0E3063F50B3B}.Release|Any CPU.ActiveCfg = Release|Any CPU
		{BAB365C7-EF2D-4FCA-B7CE-0E3063F50B3B}.Release|Any CPU.Build.0 = Release|Any CPU
		{BAAF512E-5BB1-4F9A-9EDB-E89AC202AF26}.Debug|Any CPU.ActiveCfg = Debug|Any CPU
		{BAAF512E-5BB1-4F9A-9EDB-E89AC202AF26}.Debug|Any CPU.Build.0 = Debug|Any CPU
		{BAAF512E-5BB1-4F9A-9EDB-E89AC202AF26}.Release|Any CPU.ActiveCfg = Release|Any CPU
		{BAAF512E-5BB1-4F9A-9EDB-E89AC202AF26}.Release|Any CPU.Build.0 = Release|Any CPU
		{705F1EE0-27FD-4956-A3C3-BB16D18094C5}.Debug|Any CPU.ActiveCfg = Debug|Any CPU
		{705F1EE0-27FD-4956-A3C3-BB16D18094C5}.Debug|Any CPU.Build.0 = Debug|Any CPU
		{705F1EE0-27FD-4956-A3C3-BB16D18094C5}.Release|Any CPU.ActiveCfg = Release|Any CPU
		{705F1EE0-27FD-4956-A3C3-BB16D18094C5}.Release|Any CPU.Build.0 = Release|Any CPU
		{94EFDC19-11F7-4F51-A39F-E83366CF09D6}.Debug|Any CPU.ActiveCfg = Debug|Any CPU
		{94EFDC19-11F7-4F51-A39F-E83366CF09D6}.Debug|Any CPU.Build.0 = Debug|Any CPU
		{94EFDC19-11F7-4F51-A39F-E83366CF09D6}.Release|Any CPU.ActiveCfg = Release|Any CPU
		{94EFDC19-11F7-4F51-A39F-E83366CF09D6}.Release|Any CPU.Build.0 = Release|Any CPU
		{F677229A-D397-468B-8C97-0812AB576952}.Debug|Any CPU.ActiveCfg = Debug|Any CPU
		{F677229A-D397-468B-8C97-0812AB576952}.Debug|Any CPU.Build.0 = Debug|Any CPU
		{F677229A-D397-468B-8C97-0812AB576952}.Release|Any CPU.ActiveCfg = Release|Any CPU
		{F677229A-D397-468B-8C97-0812AB576952}.Release|Any CPU.Build.0 = Release|Any CPU
		{39880B15-E4AB-4E12-9A9A-4CA9B863009F}.Debug|Any CPU.ActiveCfg = Debug|Any CPU
		{39880B15-E4AB-4E12-9A9A-4CA9B863009F}.Debug|Any CPU.Build.0 = Debug|Any CPU
		{39880B15-E4AB-4E12-9A9A-4CA9B863009F}.Release|Any CPU.ActiveCfg = Release|Any CPU
		{39880B15-E4AB-4E12-9A9A-4CA9B863009F}.Release|Any CPU.Build.0 = Release|Any CPU
		{DAFA4932-47CE-4DD6-9CB1-1AEDB094E6CC}.Debug|Any CPU.ActiveCfg = Debug|Any CPU
		{DAFA4932-47CE-4DD6-9CB1-1AEDB094E6CC}.Debug|Any CPU.Build.0 = Debug|Any CPU
		{DAFA4932-47CE-4DD6-9CB1-1AEDB094E6CC}.Release|Any CPU.ActiveCfg = Release|Any CPU
		{DAFA4932-47CE-4DD6-9CB1-1AEDB094E6CC}.Release|Any CPU.Build.0 = Release|Any CPU
		{52A8EC6F-2395-4E4A-96F7-0200607B8C59}.Debug|Any CPU.ActiveCfg = Debug|Any CPU
		{52A8EC6F-2395-4E4A-96F7-0200607B8C59}.Debug|Any CPU.Build.0 = Debug|Any CPU
		{52A8EC6F-2395-4E4A-96F7-0200607B8C59}.Release|Any CPU.ActiveCfg = Release|Any CPU
		{52A8EC6F-2395-4E4A-96F7-0200607B8C59}.Release|Any CPU.Build.0 = Release|Any CPU
		{5F4DCCF1-A3DA-4F5D-AD47-77A42DAB187C}.Debug|Any CPU.ActiveCfg = Debug|Any CPU
		{5F4DCCF1-A3DA-4F5D-AD47-77A42DAB187C}.Debug|Any CPU.Build.0 = Debug|Any CPU
		{5F4DCCF1-A3DA-4F5D-AD47-77A42DAB187C}.Release|Any CPU.ActiveCfg = Release|Any CPU
		{5F4DCCF1-A3DA-4F5D-AD47-77A42DAB187C}.Release|Any CPU.Build.0 = Release|Any CPU
		{DA7FED31-585E-4009-91F9-6D68E8FDD8D0}.Debug|Any CPU.ActiveCfg = Debug|Any CPU
		{DA7FED31-585E-4009-91F9-6D68E8FDD8D0}.Debug|Any CPU.Build.0 = Debug|Any CPU
		{DA7FED31-585E-4009-91F9-6D68E8FDD8D0}.Release|Any CPU.ActiveCfg = Release|Any CPU
		{DA7FED31-585E-4009-91F9-6D68E8FDD8D0}.Release|Any CPU.Build.0 = Release|Any CPU
		{C0375180-6DDC-404E-8BBF-3D8CF88D8468}.Debug|Any CPU.ActiveCfg = Debug|Any CPU
		{C0375180-6DDC-404E-8BBF-3D8CF88D8468}.Debug|Any CPU.Build.0 = Debug|Any CPU
		{C0375180-6DDC-404E-8BBF-3D8CF88D8468}.Release|Any CPU.ActiveCfg = Release|Any CPU
		{C0375180-6DDC-404E-8BBF-3D8CF88D8468}.Release|Any CPU.Build.0 = Release|Any CPU
	EndGlobalSection
	GlobalSection(SolutionProperties) = preSolution
		HideSolutionNode = FALSE
	EndGlobalSection
	GlobalSection(NestedProjects) = preSolution
		{38DD0C29-3EF5-4014-8311-F95FEDD53A5E} = {33C3A3C6-08A9-40F7-82BF-0B8DC36C527F}
		{BAB365C7-EF2D-4FCA-B7CE-0E3063F50B3B} = {38DD0C29-3EF5-4014-8311-F95FEDD53A5E}
		{BAAF512E-5BB1-4F9A-9EDB-E89AC202AF26} = {38DD0C29-3EF5-4014-8311-F95FEDD53A5E}
		{705F1EE0-27FD-4956-A3C3-BB16D18094C5} = {38DD0C29-3EF5-4014-8311-F95FEDD53A5E}
		{A917753F-48F9-42C6-8C3E-0C111D48AEB2} = {33C3A3C6-08A9-40F7-82BF-0B8DC36C527F}
		{94EFDC19-11F7-4F51-A39F-E83366CF09D6} = {A917753F-48F9-42C6-8C3E-0C111D48AEB2}
		{F677229A-D397-468B-8C97-0812AB576952} = {A917753F-48F9-42C6-8C3E-0C111D48AEB2}
		{39880B15-E4AB-4E12-9A9A-4CA9B863009F} = {A917753F-48F9-42C6-8C3E-0C111D48AEB2}
		{DAFA4932-47CE-4DD6-9CB1-1AEDB094E6CC} = {A917753F-48F9-42C6-8C3E-0C111D48AEB2}
		{52A8EC6F-2395-4E4A-96F7-0200607B8C59} = {A917753F-48F9-42C6-8C3E-0C111D48AEB2}
		{0DA6E348-7F8E-4536-8FD2-31A958A10EEC} = {33C3A3C6-08A9-40F7-82BF-0B8DC36C527F}
		{5F4DCCF1-A3DA-4F5D-AD47-77A42DAB187C} = {0DA6E348-7F8E-4536-8FD2-31A958A10EEC}
		{DA7FED31-585E-4009-91F9-6D68E8FDD8D0} = {0DA6E348-7F8E-4536-8FD2-31A958A10EEC}
		{C0375180-6DDC-404E-8BBF-3D8CF88D8468} = {0DA6E348-7F8E-4536-8FD2-31A958A10EEC}
	EndGlobalSection
EndGlobal
